// !$*UTF8*$!
{
	archiveVersion = 1;
	classes = {
	};
	objectVersion = 50;
	objects = {

/* Begin PBXBuildFile section */
		BC8C2B1C25E6693D0065580E /* AppDelegate.swift in Sources */ = {isa = PBXBuildFile; fileRef = BC8C2B1B25E6693D0065580E /* AppDelegate.swift */; };
		BC8C2B1E25E6693E0065580E /* SceneDelegate.swift in Sources */ = {isa = PBXBuildFile; fileRef = BC8C2B1D25E6693D0065580E /* SceneDelegate.swift */; };
		BC8C2B2025E6693E0065580E /* ViewController.swift in Sources */ = {isa = PBXBuildFile; fileRef = BC8C2B1F25E6693E0065580E /* ViewController.swift */; };
		BC8C2B2325E6693E0065580E /* Main.storyboard in Resources */ = {isa = PBXBuildFile; fileRef = BC8C2B2125E6693E0065580E /* Main.storyboard */; };
		BC8C2B2525E6693E0065580E /* Assets.xcassets in Resources */ = {isa = PBXBuildFile; fileRef = BC8C2B2425E6693E0065580E /* Assets.xcassets */; };
		BC8C2B2825E6693E0065580E /* LaunchScreen.storyboard in Resources */ = {isa = PBXBuildFile; fileRef = BC8C2B2625E6693E0065580E /* LaunchScreen.storyboard */; };
		BC8C2B3625E699E50065580E /* app_config.xcconfig in Resources */ = {isa = PBXBuildFile; fileRef = BC8C2B3525E699E50065580E /* app_config.xcconfig */; };
/* End PBXBuildFile section */

/* Begin PBXCopyFilesBuildPhase section */
		BC8C2B4D25E69ECD0065580E /* Embed Frameworks */ = {
			isa = PBXCopyFilesBuildPhase;
			buildActionMask = 2147483647;
			dstPath = "";
			dstSubfolderSpec = 10;
			files = (
			);
			name = "Embed Frameworks";
			runOnlyForDeploymentPostprocessing = 0;
		};
/* End PBXCopyFilesBuildPhase section */

/* Begin PBXFileReference section */
		BC8C2B1825E6693D0065580E /* Autolinking.app */ = {isa = PBXFileReference; explicitFileType = wrapper.application; includeInIndex = 0; path = Autolinking.app; sourceTree = BUILT_PRODUCTS_DIR; };
		BC8C2B1B25E6693D0065580E /* AppDelegate.swift */ = {isa = PBXFileReference; lastKnownFileType = sourcecode.swift; path = AppDelegate.swift; sourceTree = "<group>"; };
		BC8C2B1D25E6693D0065580E /* SceneDelegate.swift */ = {isa = PBXFileReference; lastKnownFileType = sourcecode.swift; path = SceneDelegate.swift; sourceTree = "<group>"; };
		BC8C2B1F25E6693E0065580E /* ViewController.swift */ = {isa = PBXFileReference; lastKnownFileType = sourcecode.swift; path = ViewController.swift; sourceTree = "<group>"; };
		BC8C2B2225E6693E0065580E /* Base */ = {isa = PBXFileReference; lastKnownFileType = file.storyboard; name = Base; path = Base.lproj/Main.storyboard; sourceTree = "<group>"; };
		BC8C2B2425E6693E0065580E /* Assets.xcassets */ = {isa = PBXFileReference; lastKnownFileType = folder.assetcatalog; path = Assets.xcassets; sourceTree = "<group>"; };
		BC8C2B2725E6693E0065580E /* Base */ = {isa = PBXFileReference; lastKnownFileType = file.storyboard; name = Base; path = Base.lproj/LaunchScreen.storyboard; sourceTree = "<group>"; };
		BC8C2B2925E6693E0065580E /* Info.plist */ = {isa = PBXFileReference; lastKnownFileType = text.plist.xml; path = Info.plist; sourceTree = "<group>"; };
		BC8C2B3525E699E50065580E /* app_config.xcconfig */ = {isa = PBXFileReference; fileEncoding = 4; lastKnownFileType = text.xcconfig; path = app_config.xcconfig; sourceTree = "<group>"; };
/* End PBXFileReference section */

/* Begin PBXFrameworksBuildPhase section */
		BC8C2B1525E6693D0065580E /* Frameworks */ = {
			isa = PBXFrameworksBuildPhase;
			buildActionMask = 2147483647;
			files = (
			);
			runOnlyForDeploymentPostprocessing = 0;
		};
/* End PBXFrameworksBuildPhase section */

/* Begin PBXGroup section */
		BC04668625E7AB0F00508EB3 /* Frameworks */ = {
			isa = PBXGroup;
			children = (
			);
			name = Frameworks;
			sourceTree = "<group>";
		};
		BC8C2B0F25E6693D0065580E = {
			isa = PBXGroup;
			children = (
				BC8C2B1A25E6693D0065580E /* Autolinking */,
				BC8C2B1925E6693D0065580E /* Products */,
				BC04668625E7AB0F00508EB3 /* Frameworks */,
			);
			sourceTree = "<group>";
		};
		BC8C2B1925E6693D0065580E /* Products */ = {
			isa = PBXGroup;
			children = (
				BC8C2B1825E6693D0065580E /* Autolinking.app */,
			);
			name = Products;
			sourceTree = "<group>";
		};
		BC8C2B1A25E6693D0065580E /* Autolinking */ = {
			isa = PBXGroup;
			children = (
				BC8C2B3025E6694C0065580E /* SupportingFiles */,
				BC8C2B1F25E6693E0065580E /* ViewController.swift */,
				BC8C2B3525E699E50065580E /* app_config.xcconfig */,
			);
			path = Autolinking;
			sourceTree = "<group>";
		};
		BC8C2B3025E6694C0065580E /* SupportingFiles */ = {
			isa = PBXGroup;
			children = (
				BC8C2B2125E6693E0065580E /* Main.storyboard */,
				BC8C2B2425E6693E0065580E /* Assets.xcassets */,
				BC8C2B2625E6693E0065580E /* LaunchScreen.storyboard */,
				BC8C2B2925E6693E0065580E /* Info.plist */,
				BC8C2B1B25E6693D0065580E /* AppDelegate.swift */,
				BC8C2B1D25E6693D0065580E /* SceneDelegate.swift */,
			);
			path = SupportingFiles;
			sourceTree = "<group>";
		};
/* End PBXGroup section */

/* Begin PBXNativeTarget section */
		BC8C2B1725E6693D0065580E /* Autolinking */ = {
			isa = PBXNativeTarget;
			buildConfigurationList = BC8C2B2C25E6693E0065580E /* Build configuration list for PBXNativeTarget "Autolinking" */;
			buildPhases = (
				BC8C2B1425E6693D0065580E /* Sources */,
				BC8C2B1525E6693D0065580E /* Frameworks */,
				BC8C2B1625E6693D0065580E /* Resources */,
				BC8C2B4D25E69ECD0065580E /* Embed Frameworks */,
			);
			buildRules = (
			);
			dependencies = (
			);
			name = Autolinking;
			productName = Autolinking;
			productReference = BC8C2B1825E6693D0065580E /* Autolinking.app */;
			productType = "com.apple.product-type.application";
		};
/* End PBXNativeTarget section */

/* Begin PBXProject section */
		BC8C2B1025E6693D0065580E /* Project object */ = {
			isa = PBXProject;
			attributes = {
				LastSwiftUpdateCheck = 1230;
				LastUpgradeCheck = 1230;
				TargetAttributes = {
					BC8C2B1725E6693D0065580E = {
						CreatedOnToolsVersion = 12.3;
					};
				};
			};
			buildConfigurationList = BC8C2B1325E6693D0065580E /* Build configuration list for PBXProject "Autolinking" */;
			compatibilityVersion = "Xcode 9.3";
			developmentRegion = en;
			hasScannedForEncodings = 0;
			knownRegions = (
				en,
				Base,
			);
			mainGroup = BC8C2B0F25E6693D0065580E;
			productRefGroup = BC8C2B1925E6693D0065580E /* Products */;
			projectDirPath = "";
			projectRoot = "";
			targets = (
				BC8C2B1725E6693D0065580E /* Autolinking */,
			);
		};
/* End PBXProject section */

/* Begin PBXResourcesBuildPhase section */
		BC8C2B1625E6693D0065580E /* Resources */ = {
			isa = PBXResourcesBuildPhase;
			buildActionMask = 2147483647;
			files = (
				BC8C2B3625E699E50065580E /* app_config.xcconfig in Resources */,
				BC8C2B2825E6693E0065580E /* LaunchScreen.storyboard in Resources */,
				BC8C2B2525E6693E0065580E /* Assets.xcassets in Resources */,
				BC8C2B2325E6693E0065580E /* Main.storyboard in Resources */,
			);
			runOnlyForDeploymentPostprocessing = 0;
		};
/* End PBXResourcesBuildPhase section */

/* Begin PBXSourcesBuildPhase section */
		BC8C2B1425E6693D0065580E /* Sources */ = {
			isa = PBXSourcesBuildPhase;
			buildActionMask = 2147483647;
			files = (
				BC8C2B2025E6693E0065580E /* ViewController.swift in Sources */,
				BC8C2B1C25E6693D0065580E /* AppDelegate.swift in Sources */,
				BC8C2B1E25E6693E0065580E /* SceneDelegate.swift in Sources */,
			);
			runOnlyForDeploymentPostprocessing = 0;
		};
/* End PBXSourcesBuildPhase section */

/* Begin PBXVariantGroup section */
		BC8C2B2125E6693E0065580E /* Main.storyboard */ = {
			isa = PBXVariantGroup;
			children = (
				BC8C2B2225E6693E0065580E /* Base */,
			);
			name = Main.storyboard;
			sourceTree = "<group>";
		};
		BC8C2B2625E6693E0065580E /* LaunchScreen.storyboard */ = {
			isa = PBXVariantGroup;
			children = (
				BC8C2B2725E6693E0065580E /* Base */,
			);
			name = LaunchScreen.storyboard;
			sourceTree = "<group>";
		};
/* End PBXVariantGroup section */

/* Begin XCBuildConfiguration section */
		BC8C2B2A25E6693E0065580E /* Debug */ = {
			isa = XCBuildConfiguration;
			buildSettings = {
				ALWAYS_SEARCH_USER_PATHS = NO;
				CLANG_ANALYZER_NONNULL = YES;
				CLANG_ANALYZER_NUMBER_OBJECT_CONVERSION = YES_AGGRESSIVE;
				CLANG_CXX_LANGUAGE_STANDARD = "gnu++14";
				CLANG_CXX_LIBRARY = "libc++";
				CLANG_ENABLE_MODULES = YES;
				CLANG_ENABLE_OBJC_ARC = YES;
				CLANG_ENABLE_OBJC_WEAK = YES;
				CLANG_WARN_BLOCK_CAPTURE_AUTORELEASING = YES;
				CLANG_WARN_BOOL_CONVERSION = YES;
				CLANG_WARN_COMMA = YES;
				CLANG_WARN_CONSTANT_CONVERSION = YES;
				CLANG_WARN_DEPRECATED_OBJC_IMPLEMENTATIONS = YES;
				CLANG_WARN_DIRECT_OBJC_ISA_USAGE = YES_ERROR;
				CLANG_WARN_DOCUMENTATION_COMMENTS = YES;
				CLANG_WARN_EMPTY_BODY = YES;
				CLANG_WARN_ENUM_CONVERSION = YES;
				CLANG_WARN_INFINITE_RECURSION = YES;
				CLANG_WARN_INT_CONVERSION = YES;
				CLANG_WARN_NON_LITERAL_NULL_CONVERSION = YES;
				CLANG_WARN_OBJC_IMPLICIT_RETAIN_SELF = YES;
				CLANG_WARN_OBJC_LITERAL_CONVERSION = YES;
				CLANG_WARN_OBJC_ROOT_CLASS = YES_ERROR;
				CLANG_WARN_QUOTED_INCLUDE_IN_FRAMEWORK_HEADER = YES;
				CLANG_WARN_RANGE_LOOP_ANALYSIS = YES;
				CLANG_WARN_STRICT_PROTOTYPES = YES;
				CLANG_WARN_SUSPICIOUS_MOVE = YES;
				CLANG_WARN_UNGUARDED_AVAILABILITY = YES_AGGRESSIVE;
				CLANG_WARN_UNREACHABLE_CODE = YES;
				CLANG_WARN__DUPLICATE_METHOD_MATCH = YES;
				COPY_PHASE_STRIP = NO;
				DEBUG_INFORMATION_FORMAT = dwarf;
				ENABLE_STRICT_OBJC_MSGSEND = YES;
				ENABLE_TESTABILITY = YES;
				FRAMEWORK_SEARCH_PATHS = "";
				GCC_C_LANGUAGE_STANDARD = gnu11;
				GCC_DYNAMIC_NO_PIC = NO;
				GCC_NO_COMMON_BLOCKS = YES;
				GCC_OPTIMIZATION_LEVEL = 0;
				GCC_PREPROCESSOR_DEFINITIONS = (
					"DEBUG=1",
					"$(inherited)",
				);
				GCC_WARN_64_TO_32_BIT_CONVERSION = YES;
				GCC_WARN_ABOUT_RETURN_TYPE = YES_ERROR;
				GCC_WARN_UNDECLARED_SELECTOR = YES;
				GCC_WARN_UNINITIALIZED_AUTOS = YES_AGGRESSIVE;
				GCC_WARN_UNUSED_FUNCTION = YES;
				GCC_WARN_UNUSED_VARIABLE = YES;
				MTL_ENABLE_DEBUG_INFO = INCLUDE_SOURCE;
				MTL_FAST_MATH = YES;
				ONLY_ACTIVE_ARCH = YES;
				SDKROOT = iphoneos;
				SWIFT_ACTIVE_COMPILATION_CONDITIONS = DEBUG;
				SWIFT_OPTIMIZATION_LEVEL = "-Onone";
			};
			name = Debug;
		};
		BC8C2B2B25E6693E0065580E /* Release */ = {
			isa = XCBuildConfiguration;
			buildSettings = {
				ALWAYS_SEARCH_USER_PATHS = NO;
				CLANG_ANALYZER_NONNULL = YES;
				CLANG_ANALYZER_NUMBER_OBJECT_CONVERSION = YES_AGGRESSIVE;
				CLANG_CXX_LANGUAGE_STANDARD = "gnu++14";
				CLANG_CXX_LIBRARY = "libc++";
				CLANG_ENABLE_MODULES = YES;
				CLANG_ENABLE_OBJC_ARC = YES;
				CLANG_ENABLE_OBJC_WEAK = YES;
				CLANG_WARN_BLOCK_CAPTURE_AUTORELEASING = YES;
				CLANG_WARN_BOOL_CONVERSION = YES;
				CLANG_WARN_COMMA = YES;
				CLANG_WARN_CONSTANT_CONVERSION = YES;
				CLANG_WARN_DEPRECATED_OBJC_IMPLEMENTATIONS = YES;
				CLANG_WARN_DIRECT_OBJC_ISA_USAGE = YES_ERROR;
				CLANG_WARN_DOCUMENTATION_COMMENTS = YES;
				CLANG_WARN_EMPTY_BODY = YES;
				CLANG_WARN_ENUM_CONVERSION = YES;
				CLANG_WARN_INFINITE_RECURSION = YES;
				CLANG_WARN_INT_CONVERSION = YES;
				CLANG_WARN_NON_LITERAL_NULL_CONVERSION = YES;
				CLANG_WARN_OBJC_IMPLICIT_RETAIN_SELF = YES;
				CLANG_WARN_OBJC_LITERAL_CONVERSION = YES;
				CLANG_WARN_OBJC_ROOT_CLASS = YES_ERROR;
				CLANG_WARN_QUOTED_INCLUDE_IN_FRAMEWORK_HEADER = YES;
				CLANG_WARN_RANGE_LOOP_ANALYSIS = YES;
				CLANG_WARN_STRICT_PROTOTYPES = YES;
				CLANG_WARN_SUSPICIOUS_MOVE = YES;
				CLANG_WARN_UNGUARDED_AVAILABILITY = YES_AGGRESSIVE;
				CLANG_WARN_UNREACHABLE_CODE = YES;
				CLANG_WARN__DUPLICATE_METHOD_MATCH = YES;
				COPY_PHASE_STRIP = NO;
				DEBUG_INFORMATION_FORMAT = "dwarf-with-dsym";
				ENABLE_NS_ASSERTIONS = NO;
				ENABLE_STRICT_OBJC_MSGSEND = YES;
				FRAMEWORK_SEARCH_PATHS = "";
				GCC_C_LANGUAGE_STANDARD = gnu11;
				GCC_NO_COMMON_BLOCKS = YES;
				GCC_WARN_64_TO_32_BIT_CONVERSION = YES;
				GCC_WARN_ABOUT_RETURN_TYPE = YES_ERROR;
				GCC_WARN_UNDECLARED_SELECTOR = YES;
				GCC_WARN_UNINITIALIZED_AUTOS = YES_AGGRESSIVE;
				GCC_WARN_UNUSED_FUNCTION = YES;
				GCC_WARN_UNUSED_VARIABLE = YES;
				MTL_ENABLE_DEBUG_INFO = NO;
				MTL_FAST_MATH = YES;
				SDKROOT = iphoneos;
				SWIFT_COMPILATION_MODE = wholemodule;
				SWIFT_OPTIMIZATION_LEVEL = "-O";
				VALIDATE_PRODUCT = YES;
			};
			name = Release;
		};
		BC8C2B2D25E6693E0065580E /* Debug */ = {
			isa = XCBuildConfiguration;
			baseConfigurationReference = BC8C2B3525E699E50065580E /* app_config.xcconfig */;
			buildSettings = {
				ASSETCATALOG_COMPILER_APPICON_NAME = AppIcon;
				ASSETCATALOG_COMPILER_GLOBAL_ACCENT_COLOR_NAME = AccentColor;
				CODE_SIGN_STYLE = Automatic;
				DEVELOPMENT_TEAM = D9D392WLFZ;
				INFOPLIST_FILE = Autolinking/SupportingFiles/Info.plist;
				LD_RUNPATH_SEARCH_PATHS = (
					"$(inherited)",
					"@executable_path/Frameworks",
				);
				PRODUCT_BUNDLE_IDENTIFIER = org.org.Autolinking;
				PRODUCT_NAME = "$(TARGET_NAME)";
				SWIFT_VERSION = 5.0;
				TARGETED_DEVICE_FAMILY = "1,2";
			};
			name = Debug;
		};
		BC8C2B2E25E6693E0065580E /* Release */ = {
			isa = XCBuildConfiguration;
			baseConfigurationReference = BC8C2B3525E699E50065580E /* app_config.xcconfig */;
			buildSettings = {
				ASSETCATALOG_COMPILER_APPICON_NAME = AppIcon;
				ASSETCATALOG_COMPILER_GLOBAL_ACCENT_COLOR_NAME = AccentColor;
				CODE_SIGN_STYLE = Automatic;
				DEVELOPMENT_TEAM = D9D392WLFZ;
				INFOPLIST_FILE = Autolinking/SupportingFiles/Info.plist;
				LD_RUNPATH_SEARCH_PATHS = (
					"$(inherited)",
					"@executable_path/Frameworks",
				);
				PRODUCT_BUNDLE_IDENTIFIER = org.org.Autolinking;
				PRODUCT_NAME = "$(TARGET_NAME)";
				SWIFT_VERSION = 5.0;
				TARGETED_DEVICE_FAMILY = "1,2";
			};
			name = Release;
		};
/* End XCBuildConfiguration section */

/* Begin XCConfigurationList section */
		BC8C2B1325E6693D0065580E /* Build configuration list for PBXProject "Autolinking" */ = {
			isa = XCConfigurationList;
			buildConfigurations = (
				BC8C2B2A25E6693E0065580E /* Debug */,
				BC8C2B2B25E6693E0065580E /* Release */,
			);
			defaultConfigurationIsVisible = 0;
			defaultConfigurationName = Release;
		};
		BC8C2B2C25E6693E0065580E /* Build configuration list for PBXNativeTarget "Autolinking" */ = {
			isa = XCConfigurationList;
			buildConfigurations = (
				BC8C2B2D25E6693E0065580E /* Debug */,
				BC8C2B2E25E6693E0065580E /* Release */,
			);
			defaultConfigurationIsVisible = 0;
			defaultConfigurationName = Release;
		};
/* End XCConfigurationList section */
	};
	rootObject = BC8C2B1025E6693D0065580E /* Project object */;
}
