// !$*UTF8*$!
{
	archiveVersion = 1;
	classes = {
	};
	objectVersion = 50;
	objects = {

/* Begin PBXBuildFile section */
		BC9BA06425E55A8E007F4CCF /* AppDelegate.swift in Sources */ = {isa = PBXBuildFile; fileRef = BC9BA06325E55A8E007F4CCF /* AppDelegate.swift */; };
		BC9BA06625E55A8E007F4CCF /* SceneDelegate.swift in Sources */ = {isa = PBXBuildFile; fileRef = BC9BA06525E55A8E007F4CCF /* SceneDelegate.swift */; };
		BC9BA06825E55A8E007F4CCF /* ViewController.swift in Sources */ = {isa = PBXBuildFile; fileRef = BC9BA06725E55A8E007F4CCF /* ViewController.swift */; };
		BC9BA06B25E55A8E007F4CCF /* Main.storyboard in Resources */ = {isa = PBXBuildFile; fileRef = BC9BA06925E55A8E007F4CCF /* Main.storyboard */; };
		BC9BA06D25E55A8F007F4CCF /* Assets.xcassets in Resources */ = {isa = PBXBuildFile; fileRef = BC9BA06C25E55A8F007F4CCF /* Assets.xcassets */; };
		BC9BA07025E55A8F007F4CCF /* LaunchScreen.storyboard in Resources */ = {isa = PBXBuildFile; fileRef = BC9BA06E25E55A8F007F4CCF /* LaunchScreen.storyboard */; };
/* End PBXBuildFile section */

/* Begin PBXCopyFilesBuildPhase section */
		BC9BA0DA25E57197007F4CCF /* Embed Frameworks */ = {
			isa = PBXCopyFilesBuildPhase;
			buildActionMask = 2147483647;
			dstPath = "";
			dstSubfolderSpec = 10;
			files = (
			);
			name = "Embed Frameworks";
			runOnlyForDeploymentPostprocessing = 0;
		};
/* End PBXCopyFilesBuildPhase section */

/* Begin PBXFileReference section */
		BC9BA06025E55A8E007F4CCF /* ImportUnderlyingModule.app */ = {isa = PBXFileReference; explicitFileType = wrapper.application; includeInIndex = 0; path = ImportUnderlyingModule.app; sourceTree = BUILT_PRODUCTS_DIR; };
		BC9BA06325E55A8E007F4CCF /* AppDelegate.swift */ = {isa = PBXFileReference; lastKnownFileType = sourcecode.swift; path = AppDelegate.swift; sourceTree = "<group>"; };
		BC9BA06525E55A8E007F4CCF /* SceneDelegate.swift */ = {isa = PBXFileReference; lastKnownFileType = sourcecode.swift; path = SceneDelegate.swift; sourceTree = "<group>"; };
		BC9BA06725E55A8E007F4CCF /* ViewController.swift */ = {isa = PBXFileReference; lastKnownFileType = sourcecode.swift; path = ViewController.swift; sourceTree = "<group>"; };
		BC9BA06A25E55A8E007F4CCF /* Base */ = {isa = PBXFileReference; lastKnownFileType = file.storyboard; name = Base; path = Base.lproj/Main.storyboard; sourceTree = "<group>"; };
		BC9BA06C25E55A8F007F4CCF /* Assets.xcassets */ = {isa = PBXFileReference; lastKnownFileType = folder.assetcatalog; path = Assets.xcassets; sourceTree = "<group>"; };
		BC9BA06F25E55A8F007F4CCF /* Base */ = {isa = PBXFileReference; lastKnownFileType = file.storyboard; name = Base; path = Base.lproj/LaunchScreen.storyboard; sourceTree = "<group>"; };
		BC9BA07125E55A8F007F4CCF /* Info.plist */ = {isa = PBXFileReference; lastKnownFileType = text.plist.xml; path = Info.plist; sourceTree = "<group>"; };
/* End PBXFileReference section */

/* Begin PBXFrameworksBuildPhase section */
		BC9BA05D25E55A8E007F4CCF /* Frameworks */ = {
			isa = PBXFrameworksBuildPhase;
			buildActionMask = 2147483647;
			files = (
			);
			runOnlyForDeploymentPostprocessing = 0;
		};
/* End PBXFrameworksBuildPhase section */

/* Begin PBXGroup section */
		BC9BA05725E55A8E007F4CCF = {
			isa = PBXGroup;
			children = (
				BC9BA06225E55A8E007F4CCF /* ImportUnderlyingModule */,
				BC9BA06125E55A8E007F4CCF /* Products */,
				BC9BA0F525E573E9007F4CCF /* Frameworks */,
			);
			sourceTree = "<group>";
		};
		BC9BA06125E55A8E007F4CCF /* Products */ = {
			isa = PBXGroup;
			children = (
				BC9BA06025E55A8E007F4CCF /* ImportUnderlyingModule.app */,
			);
			name = Products;
			sourceTree = "<group>";
		};
		BC9BA06225E55A8E007F4CCF /* ImportUnderlyingModule */ = {
			isa = PBXGroup;
			children = (
				BC9BA07825E55AAC007F4CCF /* SupportingFiles */,
				BC9BA06725E55A8E007F4CCF /* ViewController.swift */,
			);
			path = ImportUnderlyingModule;
			sourceTree = "<group>";
		};
		BC9BA07825E55AAC007F4CCF /* SupportingFiles */ = {
			isa = PBXGroup;
			children = (
				BC9BA06325E55A8E007F4CCF /* AppDelegate.swift */,
				BC9BA06525E55A8E007F4CCF /* SceneDelegate.swift */,
				BC9BA06925E55A8E007F4CCF /* Main.storyboard */,
				BC9BA06C25E55A8F007F4CCF /* Assets.xcassets */,
				BC9BA06E25E55A8F007F4CCF /* LaunchScreen.storyboard */,
				BC9BA07125E55A8F007F4CCF /* Info.plist */,
			);
			path = SupportingFiles;
			sourceTree = "<group>";
		};
		BC9BA0F525E573E9007F4CCF /* Frameworks */ = {
			isa = PBXGroup;
			children = (
			);
			name = Frameworks;
			sourceTree = "<group>";
		};
/* End PBXGroup section */

/* Begin PBXNativeTarget section */
		BC9BA05F25E55A8E007F4CCF /* ImportUnderlyingModule */ = {
			isa = PBXNativeTarget;
			buildConfigurationList = BC9BA07425E55A8F007F4CCF /* Build configuration list for PBXNativeTarget "ImportUnderlyingModule" */;
			buildPhases = (
				BC9BA05C25E55A8E007F4CCF /* Sources */,
				BC9BA05D25E55A8E007F4CCF /* Frameworks */,
				BC9BA05E25E55A8E007F4CCF /* Resources */,
				BC9BA0DA25E57197007F4CCF /* Embed Frameworks */,
			);
			buildRules = (
			);
			dependencies = (
			);
			name = ImportUnderlyingModule;
			productName = ImportUnderlyingModule;
			productReference = BC9BA06025E55A8E007F4CCF /* ImportUnderlyingModule.app */;
			productType = "com.apple.product-type.application";
		};
/* End PBXNativeTarget section */

/* Begin PBXProject section */
		BC9BA05825E55A8E007F4CCF /* Project object */ = {
			isa = PBXProject;
			attributes = {
				LastSwiftUpdateCheck = 1230;
				LastUpgradeCheck = 1230;
				TargetAttributes = {
					BC9BA05F25E55A8E007F4CCF = {
						CreatedOnToolsVersion = 12.3;
					};
				};
			};
			buildConfigurationList = BC9BA05B25E55A8E007F4CCF /* Build configuration list for PBXProject "ImportUnderlyingModule" */;
			compatibilityVersion = "Xcode 9.3";
			developmentRegion = en;
			hasScannedForEncodings = 0;
			knownRegions = (
				en,
				Base,
			);
			mainGroup = BC9BA05725E55A8E007F4CCF;
			productRefGroup = BC9BA06125E55A8E007F4CCF /* Products */;
			projectDirPath = "";
			projectRoot = "";
			targets = (
				BC9BA05F25E55A8E007F4CCF /* ImportUnderlyingModule */,
			);
		};
/* End PBXProject section */

/* Begin PBXResourcesBuildPhase section */
		BC9BA05E25E55A8E007F4CCF /* Resources */ = {
			isa = PBXResourcesBuildPhase;
			buildActionMask = 2147483647;
			files = (
				BC9BA07025E55A8F007F4CCF /* LaunchScreen.storyboard in Resources */,
				BC9BA06D25E55A8F007F4CCF /* Assets.xcassets in Resources */,
				BC9BA06B25E55A8E007F4CCF /* Main.storyboard in Resources */,
			);
			runOnlyForDeploymentPostprocessing = 0;
		};
/* End PBXResourcesBuildPhase section */

/* Begin PBXSourcesBuildPhase section */
		BC9BA05C25E55A8E007F4CCF /* Sources */ = {
			isa = PBXSourcesBuildPhase;
			buildActionMask = 2147483647;
			files = (
				BC9BA06825E55A8E007F4CCF /* ViewController.swift in Sources */,
				BC9BA06425E55A8E007F4CCF /* AppDelegate.swift in Sources */,
				BC9BA06625E55A8E007F4CCF /* SceneDelegate.swift in Sources */,
			);
			runOnlyForDeploymentPostprocessing = 0;
		};
/* End PBXSourcesBuildPhase section */

/* Begin PBXVariantGroup section */
		BC9BA06925E55A8E007F4CCF /* Main.storyboard */ = {
			isa = PBXVariantGroup;
			children = (
				BC9BA06A25E55A8E007F4CCF /* Base */,
			);
			name = Main.storyboard;
			sourceTree = "<group>";
		};
		BC9BA06E25E55A8F007F4CCF /* LaunchScreen.storyboard */ = {
			isa = PBXVariantGroup;
			children = (
				BC9BA06F25E55A8F007F4CCF /* Base */,
			);
			name = LaunchScreen.storyboard;
			sourceTree = "<group>";
		};
/* End PBXVariantGroup section */

/* Begin XCBuildConfiguration section */
		BC9BA07225E55A8F007F4CCF /* Debug */ = {
			isa = XCBuildConfiguration;
			buildSettings = {
				ALWAYS_SEARCH_USER_PATHS = NO;
				CLANG_ANALYZER_NONNULL = YES;
				CLANG_ANALYZER_NUMBER_OBJECT_CONVERSION = YES_AGGRESSIVE;
				CLANG_CXX_LANGUAGE_STANDARD = "gnu++14";
				CLANG_CXX_LIBRARY = "libc++";
				CLANG_ENABLE_MODULES = YES;
				CLANG_ENABLE_OBJC_ARC = YES;
				CLANG_ENABLE_OBJC_WEAK = YES;
				CLANG_WARN_BLOCK_CAPTURE_AUTORELEASING = YES;
				CLANG_WARN_BOOL_CONVERSION = YES;
				CLANG_WARN_COMMA = YES;
				CLANG_WARN_CONSTANT_CONVERSION = YES;
				CLANG_WARN_DEPRECATED_OBJC_IMPLEMENTATIONS = YES;
				CLANG_WARN_DIRECT_OBJC_ISA_USAGE = YES_ERROR;
				CLANG_WARN_DOCUMENTATION_COMMENTS = YES;
				CLANG_WARN_EMPTY_BODY = YES;
				CLANG_WARN_ENUM_CONVERSION = YES;
				CLANG_WARN_INFINITE_RECURSION = YES;
				CLANG_WARN_INT_CONVERSION = YES;
				CLANG_WARN_NON_LITERAL_NULL_CONVERSION = YES;
				CLANG_WARN_OBJC_IMPLICIT_RETAIN_SELF = YES;
				CLANG_WARN_OBJC_LITERAL_CONVERSION = YES;
				CLANG_WARN_OBJC_ROOT_CLASS = YES_ERROR;
				CLANG_WARN_QUOTED_INCLUDE_IN_FRAMEWORK_HEADER = YES;
				CLANG_WARN_RANGE_LOOP_ANALYSIS = YES;
				CLANG_WARN_STRICT_PROTOTYPES = YES;
				CLANG_WARN_SUSPICIOUS_MOVE = YES;
				CLANG_WARN_UNGUARDED_AVAILABILITY = YES_AGGRESSIVE;
				CLANG_WARN_UNREACHABLE_CODE = YES;
				CLANG_WARN__DUPLICATE_METHOD_MATCH = YES;
				COPY_PHASE_STRIP = NO;
				DEBUG_INFORMATION_FORMAT = dwarf;
				ENABLE_STRICT_OBJC_MSGSEND = YES;
				ENABLE_TESTABILITY = YES;
				GCC_C_LANGUAGE_STANDARD = gnu11;
				GCC_DYNAMIC_NO_PIC = NO;
				GCC_NO_COMMON_BLOCKS = YES;
				GCC_OPTIMIZATION_LEVEL = 0;
				GCC_PREPROCESSOR_DEFINITIONS = (
					"DEBUG=1",
					"$(inherited)",
				);
				GCC_WARN_64_TO_32_BIT_CONVERSION = YES;
				GCC_WARN_ABOUT_RETURN_TYPE = YES_ERROR;
				GCC_WARN_UNDECLARED_SELECTOR = YES;
				GCC_WARN_UNINITIALIZED_AUTOS = YES_AGGRESSIVE;
				GCC_WARN_UNUSED_FUNCTION = YES;
				GCC_WARN_UNUSED_VARIABLE = YES;
				IPHONEOS_DEPLOYMENT_TARGET = 14.3;
				MTL_ENABLE_DEBUG_INFO = INCLUDE_SOURCE;
				MTL_FAST_MATH = YES;
				ONLY_ACTIVE_ARCH = YES;
				SDKROOT = iphoneos;
				SWIFT_ACTIVE_COMPILATION_CONDITIONS = DEBUG;
				SWIFT_OPTIMIZATION_LEVEL = "-Onone";
			};
			name = Debug;
		};
		BC9BA07325E55A8F007F4CCF /* Release */ = {
			isa = XCBuildConfiguration;
			buildSettings = {
				ALWAYS_SEARCH_USER_PATHS = NO;
				CLANG_ANALYZER_NONNULL = YES;
				CLANG_ANALYZER_NUMBER_OBJECT_CONVERSION = YES_AGGRESSIVE;
				CLANG_CXX_LANGUAGE_STANDARD = "gnu++14";
				CLANG_CXX_LIBRARY = "libc++";
				CLANG_ENABLE_MODULES = YES;
				CLANG_ENABLE_OBJC_ARC = YES;
				CLANG_ENABLE_OBJC_WEAK = YES;
				CLANG_WARN_BLOCK_CAPTURE_AUTORELEASING = YES;
				CLANG_WARN_BOOL_CONVERSION = YES;
				CLANG_WARN_COMMA = YES;
				CLANG_WARN_CONSTANT_CONVERSION = YES;
				CLANG_WARN_DEPRECATED_OBJC_IMPLEMENTATIONS = YES;
				CLANG_WARN_DIRECT_OBJC_ISA_USAGE = YES_ERROR;
				CLANG_WARN_DOCUMENTATION_COMMENTS = YES;
				CLANG_WARN_EMPTY_BODY = YES;
				CLANG_WARN_ENUM_CONVERSION = YES;
				CLANG_WARN_INFINITE_RECURSION = YES;
				CLANG_WARN_INT_CONVERSION = YES;
				CLANG_WARN_NON_LITERAL_NULL_CONVERSION = YES;
				CLANG_WARN_OBJC_IMPLICIT_RETAIN_SELF = YES;
				CLANG_WARN_OBJC_LITERAL_CONVERSION = YES;
				CLANG_WARN_OBJC_ROOT_CLASS = YES_ERROR;
				CLANG_WARN_QUOTED_INCLUDE_IN_FRAMEWORK_HEADER = YES;
				CLANG_WARN_RANGE_LOOP_ANALYSIS = YES;
				CLANG_WARN_STRICT_PROTOTYPES = YES;
				CLANG_WARN_SUSPICIOUS_MOVE = YES;
				CLANG_WARN_UNGUARDED_AVAILABILITY = YES_AGGRESSIVE;
				CLANG_WARN_UNREACHABLE_CODE = YES;
				CLANG_WARN__DUPLICATE_METHOD_MATCH = YES;
				COPY_PHASE_STRIP = NO;
				DEBUG_INFORMATION_FORMAT = "dwarf-with-dsym";
				ENABLE_NS_ASSERTIONS = NO;
				ENABLE_STRICT_OBJC_MSGSEND = YES;
				GCC_C_LANGUAGE_STANDARD = gnu11;
				GCC_NO_COMMON_BLOCKS = YES;
				GCC_WARN_64_TO_32_BIT_CONVERSION = YES;
				GCC_WARN_ABOUT_RETURN_TYPE = YES_ERROR;
				GCC_WARN_UNDECLARED_SELECTOR = YES;
				GCC_WARN_UNINITIALIZED_AUTOS = YES_AGGRESSIVE;
				GCC_WARN_UNUSED_FUNCTION = YES;
				GCC_WARN_UNUSED_VARIABLE = YES;
				IPHONEOS_DEPLOYMENT_TARGET = 14.3;
				MTL_ENABLE_DEBUG_INFO = NO;
				MTL_FAST_MATH = YES;
				SDKROOT = iphoneos;
				SWIFT_COMPILATION_MODE = wholemodule;
				SWIFT_OPTIMIZATION_LEVEL = "-O";
				VALIDATE_PRODUCT = YES;
			};
			name = Release;
		};
		BC9BA07525E55A8F007F4CCF /* Debug */ = {
			isa = XCBuildConfiguration;
			buildSettings = {
				ALWAYS_EMBED_SWIFT_STANDARD_LIBRARIES = YES;
				ASSETCATALOG_COMPILER_APPICON_NAME = AppIcon;
				ASSETCATALOG_COMPILER_GLOBAL_ACCENT_COLOR_NAME = AccentColor;
				CODE_SIGN_STYLE = Automatic;
				DEVELOPMENT_TEAM = D9D392WLFZ;
				INFOPLIST_FILE = ImportUnderlyingModule/SupportingFiles/Info.plist;
				LD_RUNPATH_SEARCH_PATHS = (
					"$(inherited)",
					"@executable_path/Frameworks",
				);
				PRODUCT_BUNDLE_IDENTIFIER = org.org.ImportUnderlyingModule;
				PRODUCT_NAME = "$(TARGET_NAME)";
				SWIFT_VERSION = 5.0;
				TARGETED_DEVICE_FAMILY = "1,2";
			};
			name = Debug;
		};
		BC9BA07625E55A8F007F4CCF /* Release */ = {
			isa = XCBuildConfiguration;
			buildSettings = {
				ALWAYS_EMBED_SWIFT_STANDARD_LIBRARIES = YES;
				ASSETCATALOG_COMPILER_APPICON_NAME = AppIcon;
				ASSETCATALOG_COMPILER_GLOBAL_ACCENT_COLOR_NAME = AccentColor;
				CODE_SIGN_STYLE = Automatic;
				DEVELOPMENT_TEAM = D9D392WLFZ;
				INFOPLIST_FILE = ImportUnderlyingModule/SupportingFiles/Info.plist;
				LD_RUNPATH_SEARCH_PATHS = (
					"$(inherited)",
					"@executable_path/Frameworks",
				);
				PRODUCT_BUNDLE_IDENTIFIER = org.org.ImportUnderlyingModule;
				PRODUCT_NAME = "$(TARGET_NAME)";
				SWIFT_VERSION = 5.0;
				TARGETED_DEVICE_FAMILY = "1,2";
			};
			name = Release;
		};
/* End XCBuildConfiguration section */

/* Begin XCConfigurationList section */
		BC9BA05B25E55A8E007F4CCF /* Build configuration list for PBXProject "ImportUnderlyingModule" */ = {
			isa = XCConfigurationList;
			buildConfigurations = (
				BC9BA07225E55A8F007F4CCF /* Debug */,
				BC9BA07325E55A8F007F4CCF /* Release */,
			);
			defaultConfigurationIsVisible = 0;
			defaultConfigurationName = Release;
		};
		BC9BA07425E55A8F007F4CCF /* Build configuration list for PBXNativeTarget "ImportUnderlyingModule" */ = {
			isa = XCConfigurationList;
			buildConfigurations = (
				BC9BA07525E55A8F007F4CCF /* Debug */,
				BC9BA07625E55A8F007F4CCF /* Release */,
			);
			defaultConfigurationIsVisible = 0;
			defaultConfigurationName = Release;
		};
/* End XCConfigurationList section */
	};
	rootObject = BC9BA05825E55A8E007F4CCF /* Project object */;
}
